
Microsoft Visual Studio Solution File, Format Version 12.00
# Visual Studio Version 17
VisualStudioVersion = 17.8.34525.116
MinimumVisualStudioVersion = 10.0.40219.1
Project("{FAE04EC0-301F-11D3-BF4B-00C04F79EFBC}") = "Cards.API", "Cards.API\Cards.API.csproj", "{F4D61380-60F3-4BE5-B4B5-C979493B86F6}"
EndProject
Global
	GlobalSection(SolutionConfigurationPlatforms) = preSolution
		Debug|Any CPU = Debug|Any CPU
		Release|Any CPU = Release|Any CPU
	EndGlobalSection
	GlobalSection(ProjectConfigurationPlatforms) = postSolution
		{F4D61380-60F3-4BE5-B4B5-C979493B86F6}.Debug|Any CPU.ActiveCfg = Debug|Any CPU
		{F4D61380-60F3-4BE5-B4B5-C979493B86F6}.Debug|Any CPU.Build.0 = Debug|Any CPU
		{F4D61380-60F3-4BE5-B4B5-C979493B86F6}.Release|Any CPU.ActiveCfg = Release|Any CPU
		{F4D61380-60F3-4BE5-B4B5-C979493B86F6}.Release|Any CPU.Build.0 = Release|Any CPU
	EndGlobalSection
	GlobalSection(SolutionProperties) = preSolution
		HideSolutionNode = FALSE
	EndGlobalSection
	GlobalSection(ExtensibilityGlobals) = postSolution
		SolutionGuid = {957DCE71-C194-44B1-80CF-5EC041682C67}
	EndGlobalSection
EndGlobal
